%{"cowboy": {:package, "1.0.0"},
  "cowlib": {:package, "1.0.0"},
  "decimal": {:package, "0.2.4"},
  "ecto": {:package, "0.2.3"},
  "linguist": {:package, "0.1.2"},
  "phoenix": {:git, "git://github.com/phoenixframework/phoenix.git", "4e3347c92f03f61f080c67a81e971d5920f72d13", []},
  "plug": {:package, "0.7.0"},
  "poison": {:package, "1.1.0"},
  "poolboy": {:package, "1.2.1"},
  "postgrex": {:package, "0.5.5"},
  "ranch": {:package, "1.0.0"}}
